<?xml version="1.0" encoding="utf-8"?>
<Project xmlns="http://schemas.microsoft.com/developer/msbuild/2003">
  <ItemGroup>
    <Filter Include="Form Files">
      <UniqueIdentifier>{99349809-55BA-4b9d-BF79-8FDBB0286EB3}</UniqueIdentifier>
      <Extensions>ui</Extensions>
      <ParseFiles>false</ParseFiles>
    </Filter>
    <Filter Include="Form Files">
      <UniqueIdentifier>{99349809-55BA-4b9d-BF79-8FDBB0286EB3}</UniqueIdentifier>
      <Extensions>ui</Extensions>
      <ParseFiles>false</ParseFiles>
    </Filter>
    <Filter Include="Generated Files">
      <UniqueIdentifier>{71ED8ED8-ACB9-4CE9-BBE1-E00B30144E11}</UniqueIdentifier>
      <Extensions>cpp;c;cxx;moc;h;def;odl;idl;res;</Extensions>
    </Filter>
    <Filter Include="Generated Files">
      <UniqueIdentifier>{71ED8ED8-ACB9-4CE9-BBE1-E00B30144E11}</UniqueIdentifier>
      <Extensions>cpp;c;cxx;moc;h;def;odl;idl;res;</Extensions>
    </Filter>
    <Filter Include="Header Files">
      <UniqueIdentifier>{93995380-89BD-4b04-88EB-625FBE52EBFB}</UniqueIdentifier>
      <Extensions>h;hpp;hxx;hm;inl;inc;xsd</Extensions>
    </Filter>
    <Filter Include="Header Files">
      <UniqueIdentifier>{93995380-89BD-4b04-88EB-625FBE52EBFB}</UniqueIdentifier>
      <Extensions>h;hpp;hxx;hm;inl;inc;xsd</Extensions>
    </Filter>
    <Filter Include="Resource Files">
      <UniqueIdentifier>{D9D6E242-F8AF-46E4-B9FD-80ECBC20BA3E}</UniqueIdentifier>
      <Extensions>qrc;*</Extensions>
      <ParseFiles>false</ParseFiles>
    </Filter>
    <Filter Include="Resource Files">
      <UniqueIdentifier>{D9D6E242-F8AF-46E4-B9FD-80ECBC20BA3E}</UniqueIdentifier>
      <Extensions>qrc;*</Extensions>
      <ParseFiles>false</ParseFiles>
    </Filter>
    <Filter Include="Source Files">
      <UniqueIdentifier>{4FC737F1-C7A5-4376-A066-2A32D752A2FF}</UniqueIdentifier>
      <Extensions>cpp;c;cxx;def;odl;idl;hpj;bat;asm;asmx</Extensions>
    </Filter>
    <Filter Include="Source Files">
      <UniqueIdentifier>{4FC737F1-C7A5-4376-A066-2A32D752A2FF}</UniqueIdentifier>
      <Extensions>cpp;c;cxx;def;odl;idl;hpj;bat;asm;asmx</Extensions>
    </Filter>
    <Filter Include="Distribution Files">
      <UniqueIdentifier>{B83CAF91-C7BF-462F-B76C-EA11631F866C}</UniqueIdentifier>
      <Extensions>*</Extensions>
      <ParseFiles>false</ParseFiles>
    </Filter>
    <Filter Include="Distribution Files">
      <UniqueIdentifier>{B83CAF91-C7BF-462F-B76C-EA11631F866C}</UniqueIdentifier>
      <Extensions>*</Extensions>
      <ParseFiles>false</ParseFiles>
    </Filter>
  </ItemGroup>
  <ItemGroup>
    <ClCompile Include="materials\basicbrdfmaterial.cpp">
      <Filter>Source Files</Filter>
    </ClCompile>
    <ClCompile Include="accelerate\bvh.cpp">
      <Filter>Source Files</Filter>
    </ClCompile>
    <ClCompile Include="testScenes\cornellbox.cpp">
      <Filter>Source Files</Filter>
    </ClCompile>
    <ClCompile Include="primitive\cube.cpp">
      <Filter>Source Files</Filter>
    </ClCompile>
    <ClCompile Include="materials\dielectricMaterial.cpp">
      <Filter>Source Files</Filter>
    </ClCompile>
    <ClCompile Include="core\directionGenerator.cpp">
      <Filter>Source Files</Filter>
    </ClCompile>
    <ClCompile Include="testScenes\disneyMatSpheres.cpp">
      <Filter>Source Files</Filter>
    </ClCompile>
    <ClCompile Include="materials\disneybrdfmaterial.cpp">
      <Filter>Source Files</Filter>
    </ClCompile>
    <ClCompile Include="testScenes\glassBunny.cpp">
      <Filter>Source Files</Filter>
    </ClCompile>
    <ClCompile Include="main.cpp">
      <Filter>Source Files</Filter>
    </ClCompile>
    <ClCompile Include="mainwindow.cpp">
      <Filter>Source Files</Filter>
    </ClCompile>
    <ClCompile Include="primitive\model.cpp">
      <Filter>Source Files</Filter>
    </ClCompile>
    <ClCompile Include="modelLoader\objloader.cpp">
      <Filter>Source Files</Filter>
    </ClCompile>
    <ClCompile Include="debugger\ogldebugwindow.cpp">
      <Filter>Source Files</Filter>
    </ClCompile>
    <ClCompile Include="core\primitiveList.cpp">
      <Filter>Source Files</Filter>
    </ClCompile>
    <ClCompile Include="primitive\rectangle.cpp">
      <Filter>Source Files</Filter>
    </ClCompile>
    <ClCompile Include="testScenes\refractcheck.cpp">
      <Filter>Source Files</Filter>
    </ClCompile>
    <ClCompile Include="core\scene.cpp">
      <Filter>Source Files</Filter>
    </ClCompile>
    <ClCompile Include="materials\simplematerial.cpp">
      <Filter>Source Files</Filter>
    </ClCompile>
    <ClCompile Include="primitive\sphere.cpp">
      <Filter>Source Files</Filter>
    </ClCompile>
    <ClCompile Include="3rdparty\stb_image.cpp">
      <Filter>Source Files</Filter>
    </ClCompile>
    <ClCompile Include="primitive\triangle.cpp">
      <Filter>Source Files</Filter>
    </ClCompile>
  </ItemGroup>
  <ItemGroup>
    <ClInclude Include="collision\aabb.h">
      <Filter>Header Files</Filter>
    </ClInclude>
    <ClInclude Include="core\baseStructure.h">
      <Filter>Header Files</Filter>
    </ClInclude>
    <ClInclude Include="materials\basicbrdfmaterial.h">
      <Filter>Header Files</Filter>
    </ClInclude>
    <ClInclude Include="accelerate\bvh.h">
      <Filter>Header Files</Filter>
    </ClInclude>
    <ClInclude Include="core\cameraBase.h">
      <Filter>Header Files</Filter>
    </ClInclude>
    <ClInclude Include="testScenes\cornellbox.h">
      <Filter>Header Files</Filter>
    </ClInclude>
    <ClInclude Include="pdf\cosinePdf.h">
      <Filter>Header Files</Filter>
    </ClInclude>
    <ClInclude Include="primitive\cube.h">
      <Filter>Header Files</Filter>
    </ClInclude>
    <ClInclude Include="materials\dielectricMaterial.h">
      <Filter>Header Files</Filter>
    </ClInclude>
    <ClInclude Include="core\directionGenerator.h">
      <Filter>Header Files</Filter>
    </ClInclude>
    <ClInclude Include="testScenes\disneyMatSpheres.h">
      <Filter>Header Files</Filter>
    </ClInclude>
    <ClInclude Include="materials\disneybrdfmaterial.h">
      <Filter>Header Files</Filter>
    </ClInclude>
    <ClInclude Include="camera\fovCamera.h">
      <Filter>Header Files</Filter>
    </ClInclude>
    <ClInclude Include="testScenes\glassBunny.h">
      <Filter>Header Files</Filter>
    </ClInclude>
    <ClInclude Include="core\hitRecord.h">
      <Filter>Header Files</Filter>
    </ClInclude>
    <QtMoc Include="mainwindow.h">
      <Filter>Header Files</Filter>
    </QtMoc>
    <ClInclude Include="core\materialBase.h">
      <Filter>Header Files</Filter>
    </ClInclude>
    <ClInclude Include="primitive\model.h">
      <Filter>Header Files</Filter>
    </ClInclude>
    <ClInclude Include="modelLoader\objloader.h">
      <Filter>Header Files</Filter>
    </ClInclude>
    <ClInclude Include="debugger\ogldebugwindow.h">
      <Filter>Header Files</Filter>
    </ClInclude>
    <ClInclude Include="core\onb.h">
      <Filter>Header Files</Filter>
    </ClInclude>
    <ClInclude Include="core\pdfBase.h">
      <Filter>Header Files</Filter>
    </ClInclude>
    <ClInclude Include="core\primitiveBase.h">
      <Filter>Header Files</Filter>
    </ClInclude>
    <ClInclude Include="core\primitiveList.h">
      <Filter>Header Files</Filter>
    </ClInclude>
    <ClInclude Include="pdf\randomPdf.h">
      <Filter>Header Files</Filter>
    </ClInclude>
    <ClInclude Include="debugger\raytracer.h">
      <Filter>Header Files</Filter>
    </ClInclude>
    <ClInclude Include="pdf\rectLightPdf.h">
      <Filter>Header Files</Filter>
    </ClInclude>
    <ClInclude Include="primitive\rectangle.h">
      <Filter>Header Files</Filter>
    </ClInclude>
    <ClInclude Include="testScenes\refractcheck.h">
      <Filter>Header Files</Filter>
    </ClInclude>
    <ClInclude Include="core\scene.h">
      <Filter>Header Files</Filter>
    </ClInclude>
    <ClInclude Include="camera\simplecamera.h">
      <Filter>Header Files</Filter>
    </ClInclude>
    <ClInclude Include="materials\simplematerial.h">
      <Filter>Header Files</Filter>
    </ClInclude>
    <ClInclude Include="primitive\sphere.h">
      <Filter>Header Files</Filter>
    </ClInclude>
    <ClInclude Include="pdf\sphereLightPdf.h">
      <Filter>Header Files</Filter>
    </ClInclude>
    <ClInclude Include="3rdparty\stb_image.h">
      <Filter>Header Files</Filter>
    </ClInclude>
    <ClInclude Include="core\texture.h">
      <Filter>Header Files</Filter>
    </ClInclude>
    <ClInclude Include="3rdparty\tiny_obj_loader.h">
      <Filter>Header Files</Filter>
    </ClInclude>
    <ClInclude Include="models\tiny_obj_loader.h">
      <Filter>Header Files</Filter>
    </ClInclude>
    <ClInclude Include="primitive\triangle.h">
      <Filter>Header Files</Filter>
    </ClInclude>
  </ItemGroup>
  <ItemGroup>
    
    
    <CustomBuild Include="debug\moc_predefs.h.cbt">
      <Filter>Generated Files</Filter>
    </CustomBuild>
    <CustomBuild Include="release\moc_predefs.h.cbt">
      <Filter>Generated Files</Filter>
    </CustomBuild>
    
    
    
  </ItemGroup>
  <ItemGroup>
    <QtUic Include="mainwindow.ui">
      <Filter>Form Files</Filter>
    </QtUic>
  </ItemGroup>
  <ItemGroup>
    <None Include="shaders\raySimple.frag">
      <Filter>Resource Files</Filter>
    </None>
    <None Include="shaders\raySimple.vert">
      <Filter>Resource Files</Filter>
    </None>
    <QtRcc Include="resource.qrc">
      <Filter>Resource Files</Filter>
    </QtRcc>
    <None Include="shaders\simple.frag">
      <Filter>Resource Files</Filter>
    </None>
    <None Include="shaders\simple.vert">
      <Filter>Resource Files</Filter>
    </None>
  </ItemGroup>
  <ItemGroup>
    <None Include="shaders\raySimple.frag">
      <Filter>Distribution Files</Filter>
    </None>
    <None Include="shaders\raySimple.vert">
      <Filter>Distribution Files</Filter>
    </None>
    <None Include="shaders\simple.frag">
      <Filter>Distribution Files</Filter>
    </None>
    <None Include="shaders\simple.vert">
      <Filter>Distribution Files</Filter>
    </None>
  </ItemGroup>
</Project>